<?xml version="1.0" encoding="utf-8"?>
<Project ToolsVersion="4.0" xmlns="http://schemas.microsoft.com/developer/msbuild/2003">
  <ItemGroup>
    <Filter Include="소스 파일">
      <UniqueIdentifier>{4FC737F1-C7A5-4376-A066-2A32D752A2FF}</UniqueIdentifier>
      <Extensions>cpp;c;cc;cxx;c++;cppm;ixx;def;odl;idl;hpj;bat;asm;asmx</Extensions>
    </Filter>
    <Filter Include="헤더 파일">
      <UniqueIdentifier>{93995380-89BD-4b04-88EB-625FBE52EBFB}</UniqueIdentifier>
      <Extensions>h;hh;hpp;hxx;h++;hm;inl;inc;ipp;xsd</Extensions>
    </Filter>
    <Filter Include="리소스 파일">
      <UniqueIdentifier>{67DA6AB6-F800-4c08-8B7A-83BB121AAD01}</UniqueIdentifier>
      <Extensions>rc;ico;cur;bmp;dlg;rc2;rct;bin;rgs;gif;jpg;jpeg;jpe;resx;tiff;tif;png;wav;mfcribbon-ms</Extensions>
    </Filter>
    <Filter Include="Common">
      <UniqueIdentifier>{cf14fe77-ac8b-4785-a530-36a125d542e9}</UniqueIdentifier>
    </Filter>
    <Filter Include="ISP">
      <UniqueIdentifier>{047a2ee4-66a0-4f59-9603-865cf3b15023}</UniqueIdentifier>
    </Filter>
    <Filter Include="Interface">
      <UniqueIdentifier>{4755665c-7abb-4349-aeae-30816a3da9f1}</UniqueIdentifier>
    </Filter>
    <Filter Include="Inspections">
      <UniqueIdentifier>{eb820ed3-4ad2-40ae-9d8c-fa2047d73708}</UniqueIdentifier>
    </Filter>
  </ItemGroup>
  <ItemGroup>
    <ClCompile Include="Project_Wafer_Defect_Detection.cpp">
      <Filter>소스 파일</Filter>
    </ClCompile>
    <ClCompile Include="Inspection.cpp">
      <Filter>Interface</Filter>
    </ClCompile>
    <ClCompile Include="InspGeneric.cpp">
      <Filter>소스 파일</Filter>
    </ClCompile>
    <ClCompile Include="InspectScratch.cpp">
      <Filter>Inspections</Filter>
    </ClCompile>
    <ClCompile Include="InspectContamination.cpp">
      <Filter>소스 파일</Filter>
    </ClCompile>
  </ItemGroup>
  <ItemGroup>
    <ClInclude Include="Common.h">
      <Filter>Common</Filter>
    </ClInclude>
    <ClInclude Include="InspGeneric.h">
      <Filter>Interface</Filter>
    </ClInclude>
    <ClInclude Include="Inspection.h">
      <Filter>Interface</Filter>
    </ClInclude>
    <ClInclude Include="InspectScratch.h">
      <Filter>Inspections</Filter>
    </ClInclude>
    <ClInclude Include="InspectContamination.h">
      <Filter>헤더 파일</Filter>
    </ClInclude>
  </ItemGroup>
</Project>